// !$*UTF8*$!
{
	archiveVersion = 1;
	classes = {
	};
	objectVersion = 55;
	objects = {

/* Begin PBXBuildFile section */
		385A30D728CA55EC00A648A0 /* AppDelegate.swift in Sources */ = {isa = PBXBuildFile; fileRef = 385A30D628CA55EC00A648A0 /* AppDelegate.swift */; };
		385A30D928CA55EC00A648A0 /* SceneDelegate.swift in Sources */ = {isa = PBXBuildFile; fileRef = 385A30D828CA55EC00A648A0 /* SceneDelegate.swift */; };
		385A30E028CA55ED00A648A0 /* Assets.xcassets in Resources */ = {isa = PBXBuildFile; fileRef = 385A30DF28CA55ED00A648A0 /* Assets.xcassets */; };
		385A30E328CA55ED00A648A0 /* LaunchScreen.storyboard in Resources */ = {isa = PBXBuildFile; fileRef = 385A30E128CA55ED00A648A0 /* LaunchScreen.storyboard */; };
		385A30EE28CA55ED00A648A0 /* YeoJeongTests.swift in Sources */ = {isa = PBXBuildFile; fileRef = 385A30ED28CA55ED00A648A0 /* YeoJeongTests.swift */; };
		385A30F828CA55ED00A648A0 /* YeoJeongUITests.swift in Sources */ = {isa = PBXBuildFile; fileRef = 385A30F728CA55ED00A648A0 /* YeoJeongUITests.swift */; };
		385A30FA28CA55ED00A648A0 /* YeoJeongUITestsLaunchTests.swift in Sources */ = {isa = PBXBuildFile; fileRef = 385A30F928CA55ED00A648A0 /* YeoJeongUITestsLaunchTests.swift */; };
		385A310828CA58EF00A648A0 /* .swiftlint.yml in Resources */ = {isa = PBXBuildFile; fileRef = 385A310728CA58EF00A648A0 /* .swiftlint.yml */; };
		385A311228CC887400A648A0 /* BaseViewController.swift in Sources */ = {isa = PBXBuildFile; fileRef = 385A311128CC887400A648A0 /* BaseViewController.swift */; };
		385A311528CD8D3A00A648A0 /* SnapKit in Frameworks */ = {isa = PBXBuildFile; productRef = 385A311428CD8D3A00A648A0 /* SnapKit */; };
		385A312228CE131000A648A0 /* Model.swift in Sources */ = {isa = PBXBuildFile; fileRef = 385A312128CE131000A648A0 /* Model.swift */; };
		385A312428CE132C00A648A0 /* UIFont+.swift in Sources */ = {isa = PBXBuildFile; fileRef = 385A312328CE132C00A648A0 /* UIFont+.swift */; };
		385A312628CE137100A648A0 /* ImageLiteral.swift in Sources */ = {isa = PBXBuildFile; fileRef = 385A312528CE137100A648A0 /* ImageLiteral.swift */; };
		385A312828CE142900A648A0 /* AMButton.swift in Sources */ = {isa = PBXBuildFile; fileRef = 385A312728CE142900A648A0 /* AMButton.swift */; };
		385A312B28CE148500A648A0 /* YJListViewController.swift in Sources */ = {isa = PBXBuildFile; fileRef = 385A312A28CE148500A648A0 /* YJListViewController.swift */; };
		385A312D28CE149400A648A0 /* CreateYJViewController.swift in Sources */ = {isa = PBXBuildFile; fileRef = 385A312C28CE149400A648A0 /* CreateYJViewController.swift */; };
		385A312F28CE15A000A648A0 /* UIColor+.swift in Sources */ = {isa = PBXBuildFile; fileRef = 385A312E28CE15A000A648A0 /* UIColor+.swift */; };
		385A313128CE15B200A648A0 /* UIViewController+.swift in Sources */ = {isa = PBXBuildFile; fileRef = 385A313028CE15B200A648A0 /* UIViewController+.swift */; };
		385A313328CE15CD00A648A0 /* UIButton+.swift in Sources */ = {isa = PBXBuildFile; fileRef = 385A313228CE15CD00A648A0 /* UIButton+.swift */; };
		385A313528CE15D800A648A0 /* UICollectionView+.swift in Sources */ = {isa = PBXBuildFile; fileRef = 385A313428CE15D800A648A0 /* UICollectionView+.swift */; };
		385A313728CE15E400A648A0 /* Date+.swift in Sources */ = {isa = PBXBuildFile; fileRef = 385A313628CE15E400A648A0 /* Date+.swift */; };
		385A313928CE15FC00A648A0 /* UIView+.swift in Sources */ = {isa = PBXBuildFile; fileRef = 385A313828CE15FC00A648A0 /* UIView+.swift */; };
		385A313B28CE160300A648A0 /* UIStackView+.swift in Sources */ = {isa = PBXBuildFile; fileRef = 385A313A28CE160300A648A0 /* UIStackView+.swift */; };
		385A313D28CE161900A648A0 /* UILabel+.swift in Sources */ = {isa = PBXBuildFile; fileRef = 385A313C28CE161900A648A0 /* UILabel+.swift */; };
		385A313F28CE163900A648A0 /* UserDefaults+.swift in Sources */ = {isa = PBXBuildFile; fileRef = 385A313E28CE163900A648A0 /* UserDefaults+.swift */; };
		385A314128CE164000A648A0 /* DateComponent+.swift in Sources */ = {isa = PBXBuildFile; fileRef = 385A314028CE164000A648A0 /* DateComponent+.swift */; };
		385A314428CE55DD00A648A0 /* ExpandableCell.swift in Sources */ = {isa = PBXBuildFile; fileRef = 385A314328CE55DD00A648A0 /* ExpandableCell.swift */; };
/* End PBXBuildFile section */

/* Begin PBXContainerItemProxy section */
		385A30EA28CA55ED00A648A0 /* PBXContainerItemProxy */ = {
			isa = PBXContainerItemProxy;
			containerPortal = 385A30CB28CA55EC00A648A0 /* Project object */;
			proxyType = 1;
			remoteGlobalIDString = 385A30D228CA55EC00A648A0;
			remoteInfo = YeoJeong;
		};
		385A30F428CA55ED00A648A0 /* PBXContainerItemProxy */ = {
			isa = PBXContainerItemProxy;
			containerPortal = 385A30CB28CA55EC00A648A0 /* Project object */;
			proxyType = 1;
			remoteGlobalIDString = 385A30D228CA55EC00A648A0;
			remoteInfo = YeoJeong;
		};
/* End PBXContainerItemProxy section */

/* Begin PBXFileReference section */
		385A30D328CA55EC00A648A0 /* YeoJeong.app */ = {isa = PBXFileReference; explicitFileType = wrapper.application; includeInIndex = 0; path = YeoJeong.app; sourceTree = BUILT_PRODUCTS_DIR; };
		385A30D628CA55EC00A648A0 /* AppDelegate.swift */ = {isa = PBXFileReference; lastKnownFileType = sourcecode.swift; path = AppDelegate.swift; sourceTree = "<group>"; };
		385A30D828CA55EC00A648A0 /* SceneDelegate.swift */ = {isa = PBXFileReference; lastKnownFileType = sourcecode.swift; path = SceneDelegate.swift; sourceTree = "<group>"; };
		385A30DF28CA55ED00A648A0 /* Assets.xcassets */ = {isa = PBXFileReference; lastKnownFileType = folder.assetcatalog; path = Assets.xcassets; sourceTree = "<group>"; };
		385A30E228CA55ED00A648A0 /* Base */ = {isa = PBXFileReference; lastKnownFileType = file.storyboard; name = Base; path = Base.lproj/LaunchScreen.storyboard; sourceTree = "<group>"; };
		385A30E428CA55ED00A648A0 /* Info.plist */ = {isa = PBXFileReference; lastKnownFileType = text.plist.xml; path = Info.plist; sourceTree = "<group>"; };
		385A30E928CA55ED00A648A0 /* YeoJeongTests.xctest */ = {isa = PBXFileReference; explicitFileType = wrapper.cfbundle; includeInIndex = 0; path = YeoJeongTests.xctest; sourceTree = BUILT_PRODUCTS_DIR; };
		385A30ED28CA55ED00A648A0 /* YeoJeongTests.swift */ = {isa = PBXFileReference; lastKnownFileType = sourcecode.swift; path = YeoJeongTests.swift; sourceTree = "<group>"; };
		385A30F328CA55ED00A648A0 /* YeoJeongUITests.xctest */ = {isa = PBXFileReference; explicitFileType = wrapper.cfbundle; includeInIndex = 0; path = YeoJeongUITests.xctest; sourceTree = BUILT_PRODUCTS_DIR; };
		385A30F728CA55ED00A648A0 /* YeoJeongUITests.swift */ = {isa = PBXFileReference; lastKnownFileType = sourcecode.swift; path = YeoJeongUITests.swift; sourceTree = "<group>"; };
		385A30F928CA55ED00A648A0 /* YeoJeongUITestsLaunchTests.swift */ = {isa = PBXFileReference; lastKnownFileType = sourcecode.swift; path = YeoJeongUITestsLaunchTests.swift; sourceTree = "<group>"; };
		385A310728CA58EF00A648A0 /* .swiftlint.yml */ = {isa = PBXFileReference; lastKnownFileType = text.yaml; path = .swiftlint.yml; sourceTree = "<group>"; };
		385A311128CC887400A648A0 /* BaseViewController.swift */ = {isa = PBXFileReference; lastKnownFileType = sourcecode.swift; path = BaseViewController.swift; sourceTree = "<group>"; };
		385A312128CE131000A648A0 /* Model.swift */ = {isa = PBXFileReference; lastKnownFileType = sourcecode.swift; path = Model.swift; sourceTree = "<group>"; };
		385A312328CE132C00A648A0 /* UIFont+.swift */ = {isa = PBXFileReference; lastKnownFileType = sourcecode.swift; path = "UIFont+.swift"; sourceTree = "<group>"; };
		385A312528CE137100A648A0 /* ImageLiteral.swift */ = {isa = PBXFileReference; lastKnownFileType = sourcecode.swift; path = ImageLiteral.swift; sourceTree = "<group>"; };
		385A312728CE142900A648A0 /* AMButton.swift */ = {isa = PBXFileReference; lastKnownFileType = sourcecode.swift; path = AMButton.swift; sourceTree = "<group>"; };
		385A312A28CE148500A648A0 /* YJListViewController.swift */ = {isa = PBXFileReference; lastKnownFileType = sourcecode.swift; path = YJListViewController.swift; sourceTree = "<group>"; };
		385A312C28CE149400A648A0 /* CreateYJViewController.swift */ = {isa = PBXFileReference; lastKnownFileType = sourcecode.swift; path = CreateYJViewController.swift; sourceTree = "<group>"; };
		385A312E28CE15A000A648A0 /* UIColor+.swift */ = {isa = PBXFileReference; lastKnownFileType = sourcecode.swift; path = "UIColor+.swift"; sourceTree = "<group>"; };
		385A313028CE15B200A648A0 /* UIViewController+.swift */ = {isa = PBXFileReference; lastKnownFileType = sourcecode.swift; path = "UIViewController+.swift"; sourceTree = "<group>"; };
		385A313228CE15CD00A648A0 /* UIButton+.swift */ = {isa = PBXFileReference; lastKnownFileType = sourcecode.swift; path = "UIButton+.swift"; sourceTree = "<group>"; };
		385A313428CE15D800A648A0 /* UICollectionView+.swift */ = {isa = PBXFileReference; lastKnownFileType = sourcecode.swift; path = "UICollectionView+.swift"; sourceTree = "<group>"; };
		385A313628CE15E400A648A0 /* Date+.swift */ = {isa = PBXFileReference; lastKnownFileType = sourcecode.swift; path = "Date+.swift"; sourceTree = "<group>"; };
		385A313828CE15FC00A648A0 /* UIView+.swift */ = {isa = PBXFileReference; lastKnownFileType = sourcecode.swift; path = "UIView+.swift"; sourceTree = "<group>"; };
		385A313A28CE160300A648A0 /* UIStackView+.swift */ = {isa = PBXFileReference; lastKnownFileType = sourcecode.swift; path = "UIStackView+.swift"; sourceTree = "<group>"; };
		385A313C28CE161900A648A0 /* UILabel+.swift */ = {isa = PBXFileReference; lastKnownFileType = sourcecode.swift; path = "UILabel+.swift"; sourceTree = "<group>"; };
		385A313E28CE163900A648A0 /* UserDefaults+.swift */ = {isa = PBXFileReference; lastKnownFileType = sourcecode.swift; path = "UserDefaults+.swift"; sourceTree = "<group>"; };
		385A314028CE164000A648A0 /* DateComponent+.swift */ = {isa = PBXFileReference; lastKnownFileType = sourcecode.swift; path = "DateComponent+.swift"; sourceTree = "<group>"; };
		385A314328CE55DD00A648A0 /* ExpandableCell.swift */ = {isa = PBXFileReference; lastKnownFileType = sourcecode.swift; path = ExpandableCell.swift; sourceTree = "<group>"; };
/* End PBXFileReference section */

/* Begin PBXFrameworksBuildPhase section */
		385A30D028CA55EC00A648A0 /* Frameworks */ = {
			isa = PBXFrameworksBuildPhase;
			buildActionMask = 2147483647;
			files = (
				385A311528CD8D3A00A648A0 /* SnapKit in Frameworks */,
			);
			runOnlyForDeploymentPostprocessing = 0;
		};
		385A30E628CA55ED00A648A0 /* Frameworks */ = {
			isa = PBXFrameworksBuildPhase;
			buildActionMask = 2147483647;
			files = (
			);
			runOnlyForDeploymentPostprocessing = 0;
		};
		385A30F028CA55ED00A648A0 /* Frameworks */ = {
			isa = PBXFrameworksBuildPhase;
			buildActionMask = 2147483647;
			files = (
			);
			runOnlyForDeploymentPostprocessing = 0;
		};
/* End PBXFrameworksBuildPhase section */

/* Begin PBXGroup section */
		385A30CA28CA55EC00A648A0 = {
			isa = PBXGroup;
			children = (
				385A310728CA58EF00A648A0 /* .swiftlint.yml */,
				385A30D528CA55EC00A648A0 /* YeoJeong */,
				385A30EC28CA55ED00A648A0 /* YeoJeongTests */,
				385A30F628CA55ED00A648A0 /* YeoJeongUITests */,
				385A30D428CA55EC00A648A0 /* Products */,
			);
			sourceTree = "<group>";
		};
		385A30D428CA55EC00A648A0 /* Products */ = {
			isa = PBXGroup;
			children = (
				385A30D328CA55EC00A648A0 /* YeoJeong.app */,
				385A30E928CA55ED00A648A0 /* YeoJeongTests.xctest */,
				385A30F328CA55ED00A648A0 /* YeoJeongUITests.xctest */,
			);
			name = Products;
			sourceTree = "<group>";
		};
		385A30D528CA55EC00A648A0 /* YeoJeong */ = {
			isa = PBXGroup;
			children = (
				385A311E28CE112C00A648A0 /* Screens */,
				385A311C28CE112100A648A0 /* Network */,
				385A310E28CC885400A648A0 /* Global */,
			);
			path = YeoJeong;
			sourceTree = "<group>";
		};
		385A30EC28CA55ED00A648A0 /* YeoJeongTests */ = {
			isa = PBXGroup;
			children = (
				385A30ED28CA55ED00A648A0 /* YeoJeongTests.swift */,
			);
			path = YeoJeongTests;
			sourceTree = "<group>";
		};
		385A30F628CA55ED00A648A0 /* YeoJeongUITests */ = {
			isa = PBXGroup;
			children = (
				385A30F728CA55ED00A648A0 /* YeoJeongUITests.swift */,
				385A30F928CA55ED00A648A0 /* YeoJeongUITestsLaunchTests.swift */,
			);
			path = YeoJeongUITests;
			sourceTree = "<group>";
		};
		385A310E28CC885400A648A0 /* Global */ = {
			isa = PBXGroup;
			children = (
				385A310F28CC885900A648A0 /* Base */,
				385A311628CE108F00A648A0 /* Extension */,
				385A311728CE109600A648A0 /* Literal */,
				385A311828CE10A100A648A0 /* Resource */,
				385A311928CE10A700A648A0 /* Supports */,
				385A311A28CE10AD00A648A0 /* UIComponent */,
			);
			path = Global;
			sourceTree = "<group>";
		};
		385A310F28CC885900A648A0 /* Base */ = {
			isa = PBXGroup;
			children = (
				385A311128CC887400A648A0 /* BaseViewController.swift */,
			);
			path = Base;
			sourceTree = "<group>";
		};
		385A311628CE108F00A648A0 /* Extension */ = {
			isa = PBXGroup;
			children = (
				385A312328CE132C00A648A0 /* UIFont+.swift */,
				385A312E28CE15A000A648A0 /* UIColor+.swift */,
				385A313428CE15D800A648A0 /* UICollectionView+.swift */,
				385A313228CE15CD00A648A0 /* UIButton+.swift */,
				385A313028CE15B200A648A0 /* UIViewController+.swift */,
				385A313828CE15FC00A648A0 /* UIView+.swift */,
				385A313A28CE160300A648A0 /* UIStackView+.swift */,
				385A313C28CE161900A648A0 /* UILabel+.swift */,
				385A313E28CE163900A648A0 /* UserDefaults+.swift */,
				385A313628CE15E400A648A0 /* Date+.swift */,
				385A314028CE164000A648A0 /* DateComponent+.swift */,
			);
			path = Extension;
			sourceTree = "<group>";
		};
		385A311728CE109600A648A0 /* Literal */ = {
			isa = PBXGroup;
			children = (
				385A312528CE137100A648A0 /* ImageLiteral.swift */,
			);
			path = Literal;
			sourceTree = "<group>";
		};
		385A311828CE10A100A648A0 /* Resource */ = {
			isa = PBXGroup;
			children = (
				385A30DF28CA55ED00A648A0 /* Assets.xcassets */,
			);
			path = Resource;
			sourceTree = "<group>";
		};
		385A311928CE10A700A648A0 /* Supports */ = {
			isa = PBXGroup;
			children = (
				385A30E428CA55ED00A648A0 /* Info.plist */,
				385A30E128CA55ED00A648A0 /* LaunchScreen.storyboard */,
				385A30D828CA55EC00A648A0 /* SceneDelegate.swift */,
				385A30D628CA55EC00A648A0 /* AppDelegate.swift */,
			);
			path = Supports;
			sourceTree = "<group>";
		};
		385A311A28CE10AD00A648A0 /* UIComponent */ = {
			isa = PBXGroup;
			children = (
				385A312728CE142900A648A0 /* AMButton.swift */,
			);
			path = UIComponent;
			sourceTree = "<group>";
		};
		385A311C28CE112100A648A0 /* Network */ = {
			isa = PBXGroup;
			children = (
				385A311D28CE112700A648A0 /* Model */,
			);
			path = Network;
			sourceTree = "<group>";
		};
		385A311D28CE112700A648A0 /* Model */ = {
			isa = PBXGroup;
			children = (
				385A312128CE131000A648A0 /* Model.swift */,
			);
			path = Model;
			sourceTree = "<group>";
		};
		385A311E28CE112C00A648A0 /* Screens */ = {
			isa = PBXGroup;
			children = (
				385A312028CE114200A648A0 /* CreateYJ */,
				385A311F28CE113900A648A0 /* YJList */,
			);
			path = Screens;
			sourceTree = "<group>";
		};
		385A311F28CE113900A648A0 /* YJList */ = {
			isa = PBXGroup;
			children = (
				385A312A28CE148500A648A0 /* YJListViewController.swift */,
			);
			path = YJList;
			sourceTree = "<group>";
		};
		385A312028CE114200A648A0 /* CreateYJ */ = {
			isa = PBXGroup;
			children = (
				385A314228CE551600A648A0 /* SupportingView */,
				385A312C28CE149400A648A0 /* CreateYJViewController.swift */,
			);
			path = CreateYJ;
			sourceTree = "<group>";
		};
		385A314228CE551600A648A0 /* SupportingView */ = {
			isa = PBXGroup;
			children = (
				385A314328CE55DD00A648A0 /* ExpandableCell.swift */,
			);
			path = SupportingView;
			sourceTree = "<group>";
		};
/* End PBXGroup section */

/* Begin PBXNativeTarget section */
		385A30D228CA55EC00A648A0 /* YeoJeong */ = {
			isa = PBXNativeTarget;
			buildConfigurationList = 385A30FD28CA55ED00A648A0 /* Build configuration list for PBXNativeTarget "YeoJeong" */;
			buildPhases = (
				385A310628CA58B100A648A0 /* SwiftLint Script */,
				385A30CF28CA55EC00A648A0 /* Sources */,
				385A30D028CA55EC00A648A0 /* Frameworks */,
				385A30D128CA55EC00A648A0 /* Resources */,
			);
			buildRules = (
			);
			dependencies = (
			);
			name = YeoJeong;
			packageProductDependencies = (
				385A311428CD8D3A00A648A0 /* SnapKit */,
			);
			productName = YeoJeong;
			productReference = 385A30D328CA55EC00A648A0 /* YeoJeong.app */;
			productType = "com.apple.product-type.application";
		};
		385A30E828CA55ED00A648A0 /* YeoJeongTests */ = {
			isa = PBXNativeTarget;
			buildConfigurationList = 385A310028CA55ED00A648A0 /* Build configuration list for PBXNativeTarget "YeoJeongTests" */;
			buildPhases = (
				385A30E528CA55ED00A648A0 /* Sources */,
				385A30E628CA55ED00A648A0 /* Frameworks */,
				385A30E728CA55ED00A648A0 /* Resources */,
			);
			buildRules = (
			);
			dependencies = (
				385A30EB28CA55ED00A648A0 /* PBXTargetDependency */,
			);
			name = YeoJeongTests;
			productName = YeoJeongTests;
			productReference = 385A30E928CA55ED00A648A0 /* YeoJeongTests.xctest */;
			productType = "com.apple.product-type.bundle.unit-test";
		};
		385A30F228CA55ED00A648A0 /* YeoJeongUITests */ = {
			isa = PBXNativeTarget;
			buildConfigurationList = 385A310328CA55ED00A648A0 /* Build configuration list for PBXNativeTarget "YeoJeongUITests" */;
			buildPhases = (
				385A30EF28CA55ED00A648A0 /* Sources */,
				385A30F028CA55ED00A648A0 /* Frameworks */,
				385A30F128CA55ED00A648A0 /* Resources */,
			);
			buildRules = (
			);
			dependencies = (
				385A30F528CA55ED00A648A0 /* PBXTargetDependency */,
			);
			name = YeoJeongUITests;
			productName = YeoJeongUITests;
			productReference = 385A30F328CA55ED00A648A0 /* YeoJeongUITests.xctest */;
			productType = "com.apple.product-type.bundle.ui-testing";
		};
/* End PBXNativeTarget section */

/* Begin PBXProject section */
		385A30CB28CA55EC00A648A0 /* Project object */ = {
			isa = PBXProject;
			attributes = {
				BuildIndependentTargetsInParallel = 1;
				LastSwiftUpdateCheck = 1340;
				LastUpgradeCheck = 1340;
				TargetAttributes = {
					385A30D228CA55EC00A648A0 = {
						CreatedOnToolsVersion = 13.4.1;
					};
					385A30E828CA55ED00A648A0 = {
						CreatedOnToolsVersion = 13.4.1;
						TestTargetID = 385A30D228CA55EC00A648A0;
					};
					385A30F228CA55ED00A648A0 = {
						CreatedOnToolsVersion = 13.4.1;
						TestTargetID = 385A30D228CA55EC00A648A0;
					};
				};
			};
			buildConfigurationList = 385A30CE28CA55EC00A648A0 /* Build configuration list for PBXProject "YeoJeong" */;
			compatibilityVersion = "Xcode 13.0";
			developmentRegion = en;
			hasScannedForEncodings = 0;
			knownRegions = (
				en,
				Base,
			);
			mainGroup = 385A30CA28CA55EC00A648A0;
			packageReferences = (
				385A311328CD8D3A00A648A0 /* XCRemoteSwiftPackageReference "SnapKit" */,
			);
			productRefGroup = 385A30D428CA55EC00A648A0 /* Products */;
			projectDirPath = "";
			projectRoot = "";
			targets = (
				385A30D228CA55EC00A648A0 /* YeoJeong */,
				385A30E828CA55ED00A648A0 /* YeoJeongTests */,
				385A30F228CA55ED00A648A0 /* YeoJeongUITests */,
			);
		};
/* End PBXProject section */

/* Begin PBXResourcesBuildPhase section */
		385A30D128CA55EC00A648A0 /* Resources */ = {
			isa = PBXResourcesBuildPhase;
			buildActionMask = 2147483647;
			files = (
				385A310828CA58EF00A648A0 /* .swiftlint.yml in Resources */,
				385A30E328CA55ED00A648A0 /* LaunchScreen.storyboard in Resources */,
				385A30E028CA55ED00A648A0 /* Assets.xcassets in Resources */,
			);
			runOnlyForDeploymentPostprocessing = 0;
		};
		385A30E728CA55ED00A648A0 /* Resources */ = {
			isa = PBXResourcesBuildPhase;
			buildActionMask = 2147483647;
			files = (
			);
			runOnlyForDeploymentPostprocessing = 0;
		};
		385A30F128CA55ED00A648A0 /* Resources */ = {
			isa = PBXResourcesBuildPhase;
			buildActionMask = 2147483647;
			files = (
			);
			runOnlyForDeploymentPostprocessing = 0;
		};
/* End PBXResourcesBuildPhase section */

/* Begin PBXShellScriptBuildPhase section */
		385A310628CA58B100A648A0 /* SwiftLint Script */ = {
			isa = PBXShellScriptBuildPhase;
			buildActionMask = 2147483647;
			files = (
			);
			inputFileListPaths = (
			);
			inputPaths = (
			);
			name = "SwiftLint Script";
			outputFileListPaths = (
			);
			outputPaths = (
			);
			runOnlyForDeploymentPostprocessing = 0;
			shellPath = /bin/sh;
			shellScript = "# Type a script or drag a script file from your workspace to insert its path.\nexport PATH=\"$PATH:/opt/homebrew/bin\"\nif which swiftlint > /dev/null; then\n  swiftlint\nelse\n  echo \"warning: SwiftLint not installed, download from https://github.com/realm/SwiftLint\"\nfi\n";
		};
/* End PBXShellScriptBuildPhase section */

/* Begin PBXSourcesBuildPhase section */
		385A30CF28CA55EC00A648A0 /* Sources */ = {
			isa = PBXSourcesBuildPhase;
			buildActionMask = 2147483647;
			files = (
				385A313528CE15D800A648A0 /* UICollectionView+.swift in Sources */,
				385A314128CE164000A648A0 /* DateComponent+.swift in Sources */,
				385A314428CE55DD00A648A0 /* ExpandableCell.swift in Sources */,
				385A312228CE131000A648A0 /* Model.swift in Sources */,
				385A312D28CE149400A648A0 /* CreateYJViewController.swift in Sources */,
				385A311228CC887400A648A0 /* BaseViewController.swift in Sources */,
				385A313128CE15B200A648A0 /* UIViewController+.swift in Sources */,
				385A312B28CE148500A648A0 /* YJListViewController.swift in Sources */,
				385A313D28CE161900A648A0 /* UILabel+.swift in Sources */,
				385A312828CE142900A648A0 /* AMButton.swift in Sources */,
				385A313B28CE160300A648A0 /* UIStackView+.swift in Sources */,
				385A313728CE15E400A648A0 /* Date+.swift in Sources */,
				385A313F28CE163900A648A0 /* UserDefaults+.swift in Sources */,
				385A312628CE137100A648A0 /* ImageLiteral.swift in Sources */,
				385A313928CE15FC00A648A0 /* UIView+.swift in Sources */,
				385A313328CE15CD00A648A0 /* UIButton+.swift in Sources */,
				385A30D728CA55EC00A648A0 /* AppDelegate.swift in Sources */,
				385A312428CE132C00A648A0 /* UIFont+.swift in Sources */,
				385A30D928CA55EC00A648A0 /* SceneDelegate.swift in Sources */,
				385A312F28CE15A000A648A0 /* UIColor+.swift in Sources */,
			);
			runOnlyForDeploymentPostprocessing = 0;
		};
		385A30E528CA55ED00A648A0 /* Sources */ = {
			isa = PBXSourcesBuildPhase;
			buildActionMask = 2147483647;
			files = (
				385A30EE28CA55ED00A648A0 /* YeoJeongTests.swift in Sources */,
			);
			runOnlyForDeploymentPostprocessing = 0;
		};
		385A30EF28CA55ED00A648A0 /* Sources */ = {
			isa = PBXSourcesBuildPhase;
			buildActionMask = 2147483647;
			files = (
				385A30FA28CA55ED00A648A0 /* YeoJeongUITestsLaunchTests.swift in Sources */,
				385A30F828CA55ED00A648A0 /* YeoJeongUITests.swift in Sources */,
			);
			runOnlyForDeploymentPostprocessing = 0;
		};
/* End PBXSourcesBuildPhase section */

/* Begin PBXTargetDependency section */
		385A30EB28CA55ED00A648A0 /* PBXTargetDependency */ = {
			isa = PBXTargetDependency;
			target = 385A30D228CA55EC00A648A0 /* YeoJeong */;
			targetProxy = 385A30EA28CA55ED00A648A0 /* PBXContainerItemProxy */;
		};
		385A30F528CA55ED00A648A0 /* PBXTargetDependency */ = {
			isa = PBXTargetDependency;
			target = 385A30D228CA55EC00A648A0 /* YeoJeong */;
			targetProxy = 385A30F428CA55ED00A648A0 /* PBXContainerItemProxy */;
		};
/* End PBXTargetDependency section */

/* Begin PBXVariantGroup section */
		385A30E128CA55ED00A648A0 /* LaunchScreen.storyboard */ = {
			isa = PBXVariantGroup;
			children = (
				385A30E228CA55ED00A648A0 /* Base */,
			);
			name = LaunchScreen.storyboard;
			sourceTree = "<group>";
		};
/* End PBXVariantGroup section */

/* Begin XCBuildConfiguration section */
		385A30FB28CA55ED00A648A0 /* Debug */ = {
			isa = XCBuildConfiguration;
			buildSettings = {
				ALWAYS_SEARCH_USER_PATHS = NO;
				CLANG_ANALYZER_NONNULL = YES;
				CLANG_ANALYZER_NUMBER_OBJECT_CONVERSION = YES_AGGRESSIVE;
				CLANG_CXX_LANGUAGE_STANDARD = "gnu++17";
				CLANG_ENABLE_MODULES = YES;
				CLANG_ENABLE_OBJC_ARC = YES;
				CLANG_ENABLE_OBJC_WEAK = YES;
				CLANG_WARN_BLOCK_CAPTURE_AUTORELEASING = YES;
				CLANG_WARN_BOOL_CONVERSION = YES;
				CLANG_WARN_COMMA = YES;
				CLANG_WARN_CONSTANT_CONVERSION = YES;
				CLANG_WARN_DEPRECATED_OBJC_IMPLEMENTATIONS = YES;
				CLANG_WARN_DIRECT_OBJC_ISA_USAGE = YES_ERROR;
				CLANG_WARN_DOCUMENTATION_COMMENTS = YES;
				CLANG_WARN_EMPTY_BODY = YES;
				CLANG_WARN_ENUM_CONVERSION = YES;
				CLANG_WARN_INFINITE_RECURSION = YES;
				CLANG_WARN_INT_CONVERSION = YES;
				CLANG_WARN_NON_LITERAL_NULL_CONVERSION = YES;
				CLANG_WARN_OBJC_IMPLICIT_RETAIN_SELF = YES;
				CLANG_WARN_OBJC_LITERAL_CONVERSION = YES;
				CLANG_WARN_OBJC_ROOT_CLASS = YES_ERROR;
				CLANG_WARN_QUOTED_INCLUDE_IN_FRAMEWORK_HEADER = YES;
				CLANG_WARN_RANGE_LOOP_ANALYSIS = YES;
				CLANG_WARN_STRICT_PROTOTYPES = YES;
				CLANG_WARN_SUSPICIOUS_MOVE = YES;
				CLANG_WARN_UNGUARDED_AVAILABILITY = YES_AGGRESSIVE;
				CLANG_WARN_UNREACHABLE_CODE = YES;
				CLANG_WARN__DUPLICATE_METHOD_MATCH = YES;
				COPY_PHASE_STRIP = NO;
				DEBUG_INFORMATION_FORMAT = dwarf;
				ENABLE_STRICT_OBJC_MSGSEND = YES;
				ENABLE_TESTABILITY = YES;
				GCC_C_LANGUAGE_STANDARD = gnu11;
				GCC_DYNAMIC_NO_PIC = NO;
				GCC_NO_COMMON_BLOCKS = YES;
				GCC_OPTIMIZATION_LEVEL = 0;
				GCC_PREPROCESSOR_DEFINITIONS = (
					"DEBUG=1",
					"$(inherited)",
				);
				GCC_WARN_64_TO_32_BIT_CONVERSION = YES;
				GCC_WARN_ABOUT_RETURN_TYPE = YES_ERROR;
				GCC_WARN_UNDECLARED_SELECTOR = YES;
				GCC_WARN_UNINITIALIZED_AUTOS = YES_AGGRESSIVE;
				GCC_WARN_UNUSED_FUNCTION = YES;
				GCC_WARN_UNUSED_VARIABLE = YES;
				IPHONEOS_DEPLOYMENT_TARGET = 15.5;
				MTL_ENABLE_DEBUG_INFO = INCLUDE_SOURCE;
				MTL_FAST_MATH = YES;
				ONLY_ACTIVE_ARCH = YES;
				SDKROOT = iphoneos;
				SWIFT_ACTIVE_COMPILATION_CONDITIONS = DEBUG;
				SWIFT_OPTIMIZATION_LEVEL = "-Onone";
			};
			name = Debug;
		};
		385A30FC28CA55ED00A648A0 /* Release */ = {
			isa = XCBuildConfiguration;
			buildSettings = {
				ALWAYS_SEARCH_USER_PATHS = NO;
				CLANG_ANALYZER_NONNULL = YES;
				CLANG_ANALYZER_NUMBER_OBJECT_CONVERSION = YES_AGGRESSIVE;
				CLANG_CXX_LANGUAGE_STANDARD = "gnu++17";
				CLANG_ENABLE_MODULES = YES;
				CLANG_ENABLE_OBJC_ARC = YES;
				CLANG_ENABLE_OBJC_WEAK = YES;
				CLANG_WARN_BLOCK_CAPTURE_AUTORELEASING = YES;
				CLANG_WARN_BOOL_CONVERSION = YES;
				CLANG_WARN_COMMA = YES;
				CLANG_WARN_CONSTANT_CONVERSION = YES;
				CLANG_WARN_DEPRECATED_OBJC_IMPLEMENTATIONS = YES;
				CLANG_WARN_DIRECT_OBJC_ISA_USAGE = YES_ERROR;
				CLANG_WARN_DOCUMENTATION_COMMENTS = YES;
				CLANG_WARN_EMPTY_BODY = YES;
				CLANG_WARN_ENUM_CONVERSION = YES;
				CLANG_WARN_INFINITE_RECURSION = YES;
				CLANG_WARN_INT_CONVERSION = YES;
				CLANG_WARN_NON_LITERAL_NULL_CONVERSION = YES;
				CLANG_WARN_OBJC_IMPLICIT_RETAIN_SELF = YES;
				CLANG_WARN_OBJC_LITERAL_CONVERSION = YES;
				CLANG_WARN_OBJC_ROOT_CLASS = YES_ERROR;
				CLANG_WARN_QUOTED_INCLUDE_IN_FRAMEWORK_HEADER = YES;
				CLANG_WARN_RANGE_LOOP_ANALYSIS = YES;
				CLANG_WARN_STRICT_PROTOTYPES = YES;
				CLANG_WARN_SUSPICIOUS_MOVE = YES;
				CLANG_WARN_UNGUARDED_AVAILABILITY = YES_AGGRESSIVE;
				CLANG_WARN_UNREACHABLE_CODE = YES;
				CLANG_WARN__DUPLICATE_METHOD_MATCH = YES;
				COPY_PHASE_STRIP = NO;
				DEBUG_INFORMATION_FORMAT = "dwarf-with-dsym";
				ENABLE_NS_ASSERTIONS = NO;
				ENABLE_STRICT_OBJC_MSGSEND = YES;
				GCC_C_LANGUAGE_STANDARD = gnu11;
				GCC_NO_COMMON_BLOCKS = YES;
				GCC_WARN_64_TO_32_BIT_CONVERSION = YES;
				GCC_WARN_ABOUT_RETURN_TYPE = YES_ERROR;
				GCC_WARN_UNDECLARED_SELECTOR = YES;
				GCC_WARN_UNINITIALIZED_AUTOS = YES_AGGRESSIVE;
				GCC_WARN_UNUSED_FUNCTION = YES;
				GCC_WARN_UNUSED_VARIABLE = YES;
				IPHONEOS_DEPLOYMENT_TARGET = 15.5;
				MTL_ENABLE_DEBUG_INFO = NO;
				MTL_FAST_MATH = YES;
				SDKROOT = iphoneos;
				SWIFT_COMPILATION_MODE = wholemodule;
				SWIFT_OPTIMIZATION_LEVEL = "-O";
				VALIDATE_PRODUCT = YES;
			};
			name = Release;
		};
		385A30FE28CA55ED00A648A0 /* Debug */ = {
			isa = XCBuildConfiguration;
			buildSettings = {
				ASSETCATALOG_COMPILER_APPICON_NAME = AppIcon;
				ASSETCATALOG_COMPILER_GLOBAL_ACCENT_COLOR_NAME = AccentColor;
				CODE_SIGN_STYLE = Automatic;
				CURRENT_PROJECT_VERSION = 1;
				DEVELOPMENT_TEAM = 82DRSFKFS9;
				GENERATE_INFOPLIST_FILE = YES;
				INFOPLIST_FILE = YeoJeong/Global/Supports/Info.plist;
				INFOPLIST_KEY_UIApplicationSupportsIndirectInputEvents = YES;
				INFOPLIST_KEY_UILaunchStoryboardName = LaunchScreen;
				INFOPLIST_KEY_UISupportedInterfaceOrientations_iPad = "UIInterfaceOrientationPortrait UIInterfaceOrientationPortraitUpsideDown UIInterfaceOrientationLandscapeLeft UIInterfaceOrientationLandscapeRight";
				INFOPLIST_KEY_UISupportedInterfaceOrientations_iPhone = "UIInterfaceOrientationPortrait UIInterfaceOrientationLandscapeLeft UIInterfaceOrientationLandscapeRight";
				LD_RUNPATH_SEARCH_PATHS = (
					"$(inherited)",
					"@executable_path/Frameworks",
				);
				MARKETING_VERSION = 1.0;
				PRODUCT_BUNDLE_IDENTIFIER = com.bdnk.YeoJeong;
				PRODUCT_NAME = "$(TARGET_NAME)";
				SWIFT_EMIT_LOC_STRINGS = YES;
				SWIFT_VERSION = 5.0;
				TARGETED_DEVICE_FAMILY = "1,2";
			};
			name = Debug;
		};
		385A30FF28CA55ED00A648A0 /* Release */ = {
			isa = XCBuildConfiguration;
			buildSettings = {
				ASSETCATALOG_COMPILER_APPICON_NAME = AppIcon;
				ASSETCATALOG_COMPILER_GLOBAL_ACCENT_COLOR_NAME = AccentColor;
				CODE_SIGN_STYLE = Automatic;
				CURRENT_PROJECT_VERSION = 1;
				DEVELOPMENT_TEAM = 82DRSFKFS9;
				GENERATE_INFOPLIST_FILE = YES;
				INFOPLIST_FILE = YeoJeong/Global/Supports/Info.plist;
				INFOPLIST_KEY_UIApplicationSupportsIndirectInputEvents = YES;
				INFOPLIST_KEY_UILaunchStoryboardName = LaunchScreen;
				INFOPLIST_KEY_UISupportedInterfaceOrientations_iPad = "UIInterfaceOrientationPortrait UIInterfaceOrientationPortraitUpsideDown UIInterfaceOrientationLandscapeLeft UIInterfaceOrientationLandscapeRight";
				INFOPLIST_KEY_UISupportedInterfaceOrientations_iPhone = "UIInterfaceOrientationPortrait UIInterfaceOrientationLandscapeLeft UIInterfaceOrientationLandscapeRight";
				LD_RUNPATH_SEARCH_PATHS = (
					"$(inherited)",
					"@executable_path/Frameworks",
				);
				MARKETING_VERSION = 1.0;
				PRODUCT_BUNDLE_IDENTIFIER = com.bdnk.YeoJeong;
				PRODUCT_NAME = "$(TARGET_NAME)";
				SWIFT_EMIT_LOC_STRINGS = YES;
				SWIFT_VERSION = 5.0;
				TARGETED_DEVICE_FAMILY = "1,2";
			};
			name = Release;
		};
		385A310128CA55ED00A648A0 /* Debug */ = {
			isa = XCBuildConfiguration;
			buildSettings = {
				ALWAYS_EMBED_SWIFT_STANDARD_LIBRARIES = YES;
				BUNDLE_LOADER = "$(TEST_HOST)";
				CODE_SIGN_STYLE = Automatic;
				CURRENT_PROJECT_VERSION = 1;
				DEVELOPMENT_TEAM = 82DRSFKFS9;
				GENERATE_INFOPLIST_FILE = YES;
				IPHONEOS_DEPLOYMENT_TARGET = 15.5;
				MARKETING_VERSION = 1.0;
				PRODUCT_BUNDLE_IDENTIFIER = com.bdnk.YeoJeongTests;
				PRODUCT_NAME = "$(TARGET_NAME)";
				SWIFT_EMIT_LOC_STRINGS = NO;
				SWIFT_VERSION = 5.0;
				TARGETED_DEVICE_FAMILY = "1,2";
				TEST_HOST = "$(BUILT_PRODUCTS_DIR)/YeoJeong.app/YeoJeong";
			};
			name = Debug;
		};
		385A310228CA55ED00A648A0 /* Release */ = {
			isa = XCBuildConfiguration;
			buildSettings = {
				ALWAYS_EMBED_SWIFT_STANDARD_LIBRARIES = YES;
				BUNDLE_LOADER = "$(TEST_HOST)";
				CODE_SIGN_STYLE = Automatic;
				CURRENT_PROJECT_VERSION = 1;
				DEVELOPMENT_TEAM = 82DRSFKFS9;
				GENERATE_INFOPLIST_FILE = YES;
				IPHONEOS_DEPLOYMENT_TARGET = 15.5;
				MARKETING_VERSION = 1.0;
				PRODUCT_BUNDLE_IDENTIFIER = com.bdnk.YeoJeongTests;
				PRODUCT_NAME = "$(TARGET_NAME)";
				SWIFT_EMIT_LOC_STRINGS = NO;
				SWIFT_VERSION = 5.0;
				TARGETED_DEVICE_FAMILY = "1,2";
				TEST_HOST = "$(BUILT_PRODUCTS_DIR)/YeoJeong.app/YeoJeong";
			};
			name = Release;
		};
		385A310428CA55ED00A648A0 /* Debug */ = {
			isa = XCBuildConfiguration;
			buildSettings = {
				ALWAYS_EMBED_SWIFT_STANDARD_LIBRARIES = YES;
				CODE_SIGN_STYLE = Automatic;
				CURRENT_PROJECT_VERSION = 1;
				DEVELOPMENT_TEAM = 82DRSFKFS9;
				GENERATE_INFOPLIST_FILE = YES;
				MARKETING_VERSION = 1.0;
				PRODUCT_BUNDLE_IDENTIFIER = com.bdnk.YeoJeongUITests;
				PRODUCT_NAME = "$(TARGET_NAME)";
				SWIFT_EMIT_LOC_STRINGS = NO;
				SWIFT_VERSION = 5.0;
				TARGETED_DEVICE_FAMILY = "1,2";
				TEST_TARGET_NAME = YeoJeong;
			};
			name = Debug;
		};
		385A310528CA55ED00A648A0 /* Release */ = {
			isa = XCBuildConfiguration;
			buildSettings = {
				ALWAYS_EMBED_SWIFT_STANDARD_LIBRARIES = YES;
				CODE_SIGN_STYLE = Automatic;
				CURRENT_PROJECT_VERSION = 1;
				DEVELOPMENT_TEAM = 82DRSFKFS9;
				GENERATE_INFOPLIST_FILE = YES;
				MARKETING_VERSION = 1.0;
				PRODUCT_BUNDLE_IDENTIFIER = com.bdnk.YeoJeongUITests;
				PRODUCT_NAME = "$(TARGET_NAME)";
				SWIFT_EMIT_LOC_STRINGS = NO;
				SWIFT_VERSION = 5.0;
				TARGETED_DEVICE_FAMILY = "1,2";
				TEST_TARGET_NAME = YeoJeong;
			};
			name = Release;
		};
/* End XCBuildConfiguration section */

/* Begin XCConfigurationList section */
		385A30CE28CA55EC00A648A0 /* Build configuration list for PBXProject "YeoJeong" */ = {
			isa = XCConfigurationList;
			buildConfigurations = (
				385A30FB28CA55ED00A648A0 /* Debug */,
				385A30FC28CA55ED00A648A0 /* Release */,
			);
			defaultConfigurationIsVisible = 0;
			defaultConfigurationName = Release;
		};
		385A30FD28CA55ED00A648A0 /* Build configuration list for PBXNativeTarget "YeoJeong" */ = {
			isa = XCConfigurationList;
			buildConfigurations = (
				385A30FE28CA55ED00A648A0 /* Debug */,
				385A30FF28CA55ED00A648A0 /* Release */,
			);
			defaultConfigurationIsVisible = 0;
			defaultConfigurationName = Release;
		};
		385A310028CA55ED00A648A0 /* Build configuration list for PBXNativeTarget "YeoJeongTests" */ = {
			isa = XCConfigurationList;
			buildConfigurations = (
				385A310128CA55ED00A648A0 /* Debug */,
				385A310228CA55ED00A648A0 /* Release */,
			);
			defaultConfigurationIsVisible = 0;
			defaultConfigurationName = Release;
		};
		385A310328CA55ED00A648A0 /* Build configuration list for PBXNativeTarget "YeoJeongUITests" */ = {
			isa = XCConfigurationList;
			buildConfigurations = (
				385A310428CA55ED00A648A0 /* Debug */,
				385A310528CA55ED00A648A0 /* Release */,
			);
			defaultConfigurationIsVisible = 0;
			defaultConfigurationName = Release;
		};
/* End XCConfigurationList section */

/* Begin XCRemoteSwiftPackageReference section */
		385A311328CD8D3A00A648A0 /* XCRemoteSwiftPackageReference "SnapKit" */ = {
			isa = XCRemoteSwiftPackageReference;
			repositoryURL = "https://github.com/SnapKit/SnapKit";
			requirement = {
				kind = upToNextMajorVersion;
				minimumVersion = 5.0.0;
			};
		};
/* End XCRemoteSwiftPackageReference section */

/* Begin XCSwiftPackageProductDependency section */
		385A311428CD8D3A00A648A0 /* SnapKit */ = {
			isa = XCSwiftPackageProductDependency;
			package = 385A311328CD8D3A00A648A0 /* XCRemoteSwiftPackageReference "SnapKit" */;
			productName = SnapKit;
		};
/* End XCSwiftPackageProductDependency section */
	};
	rootObject = 385A30CB28CA55EC00A648A0 /* Project object */;
}
